
Microsoft Visual Studio Solution File, Format Version 12.00
# Visual Studio 15
VisualStudioVersion = 15.0.28307.489
MinimumVisualStudioVersion = 10.0.40219.1
Project("{8BC9CEB8-8B4A-11D0-8D11-00A0C91BC942}") = "ConsoleApplication12", "ConsoleApplication12\ConsoleApplication12.vcxproj", "{ABAA426E-D811-4DAD-9563-81E078F5DE40}"
EndProject
Global
	GlobalSection(SolutionConfigurationPlatforms) = preSolution
		Debug|x64 = Debug|x64
		Debug|x86 = Debug|x86
		Release|x64 = Release|x64
		Release|x86 = Release|x86
	EndGlobalSection
	GlobalSection(ProjectConfigurationPlatforms) = postSolution
		{ABAA426E-D811-4DAD-9563-81E078F5DE40}.Debug|x64.ActiveCfg = Debug|x64
		{ABAA426E-D811-4DAD-9563-81E078F5DE40}.Debug|x64.Build.0 = Debug|x64
		{ABAA426E-D811-4DAD-9563-81E078F5DE40}.Debug|x86.ActiveCfg = Debug|Win32
		{ABAA426E-D811-4DAD-9563-81E078F5DE40}.Debug|x86.Build.0 = Debug|Win32
		{ABAA426E-D811-4DAD-9563-81E078F5DE40}.Release|x64.ActiveCfg = Release|x64
		{ABAA426E-D811-4DAD-9563-81E078F5DE40}.Release|x64.Build.0 = Release|x64
		{ABAA426E-D811-4DAD-9563-81E078F5DE40}.Release|x86.ActiveCfg = Release|Win32
		{ABAA426E-D811-4DAD-9563-81E078F5DE40}.Release|x86.Build.0 = Release|Win32
	EndGlobalSection
	GlobalSection(SolutionProperties) = preSolution
		HideSolutionNode = FALSE
	EndGlobalSection
	GlobalSection(ExtensibilityGlobals) = postSolution
		SolutionGuid = {132A04EE-6579-431E-B66B-3F3658123B51}
	EndGlobalSection
EndGlobal
